{
    "_readme": [
        "This file locks the dependencies of your project to a known state",
        "Read more about it at https://getcomposer.org/doc/01-basic-usage.md#installing-dependencies",
        "This file is @generated automatically"
    ],
    "content-hash": "c0a85063874a06211e2cc40f8c9db2d0",
    "packages": [
        {
            "name": "sandert2001/fryske-oranjekoeke",
            "version": "0.0.3",
            "source": {
                "type": "git",
                "url": "https://github.com/SanderT2001/fryske-oranjekoeke",
                "reference": "v0.2"
            },
            "type": "fryske-oranjekoeke"
        },
        {
            "name": "sandert2001/pdohelper",
            "version": "1.0.0",
            "source": {
                "type": "git",
                "url": "https://github.com/SanderT2001/PDOHelper/",
                "reference": "master"
            },
            "type": "pdohelper"
        }
    ],
    "packages-dev": [],
    "aliases": [],
    "minimum-stability": "stable",
    "stability-flags": [],
    "prefer-stable": false,
    "prefer-lowest": false,
    "platform": [],
    "platform-dev": []
}
